
Microsoft Visual Studio Solution File, Format Version 12.00
# Visual Studio Version 16
VisualStudioVersion = 16.0.32802.440
MinimumVisualStudioVersion = 10.0.40219.1
Project("{FAE04EC0-301F-11D3-BF4B-00C04F79EFBC}") = "WebApplicationUserRegistration", "WebApplicationUserRegistration\WebApplicationUserRegistration.csproj", "{4BB21BA6-4CDF-4AAB-BEB5-69CDD4723034}"
EndProject
Global
	GlobalSection(SolutionConfigurationPlatforms) = preSolution
		Debug|Any CPU = Debug|Any CPU
		Release|Any CPU = Release|Any CPU
	EndGlobalSection
	GlobalSection(ProjectConfigurationPlatforms) = postSolution
		{4BB21BA6-4CDF-4AAB-BEB5-69CDD4723034}.Debug|Any CPU.ActiveCfg = Debug|Any CPU
		{4BB21BA6-4CDF-4AAB-BEB5-69CDD4723034}.Debug|Any CPU.Build.0 = Debug|Any CPU
		{4BB21BA6-4CDF-4AAB-BEB5-69CDD4723034}.Release|Any CPU.ActiveCfg = Release|Any CPU
		{4BB21BA6-4CDF-4AAB-BEB5-69CDD4723034}.Release|Any CPU.Build.0 = Release|Any CPU
	EndGlobalSection
	GlobalSection(SolutionProperties) = preSolution
		HideSolutionNode = FALSE
	EndGlobalSection
	GlobalSection(ExtensibilityGlobals) = postSolution
		SolutionGuid = {18B601EE-7A55-4B29-99A8-E1B7567DEDA1}
	EndGlobalSection
EndGlobal
